
Microsoft Visual Studio Solution File, Format Version 12.00
# Visual Studio 15
VisualStudioVersion = 15.0.27130.2010
MinimumVisualStudioVersion = 10.0.40219.1
Project("{FAE04EC0-301F-11D3-BF4B-00C04F79EFBC}") = "Nacelle.KMA.Core", "src\Nacelle.KMA.Core\Nacelle.KMA.Core.csproj", "{6D30B0EF-3A8B-43FB-98DD-274E2EDA21D2}"
EndProject
Project("{FAE04EC0-301F-11D3-BF4B-00C04F79EFBC}") = "Nacelle.KMA.UI", "src\Nacelle.KMA.UI\Nacelle.KMA.UI.csproj", "{E7AB6442-59AF-4FA4-89A6-D733F28080E4}"
EndProject
Project("{2150E333-8FDC-42A3-9474-1A3956D46DE8}") = "!Solution Items", "!Solution Items", "{3C199897-1561-47B2-8D7A-5F227E7C1E7E}"
	ProjectSection(SolutionItems) = preProject
		.editorconfig = .editorconfig
	EndProjectSection
EndProject
Project("{2150E333-8FDC-42A3-9474-1A3956D46DE8}") = "Tests", "Tests", "{F956F098-DD58-4FCD-9754-D2189D90D6F2}"
EndProject
Project("{FAE04EC0-301F-11D3-BF4B-00C04F79EFBC}") = "Nacelle.KMA.API", "src\Nacelle.KMA.API\Nacelle.KMA.API.csproj", "{AC59E91F-D504-426D-A03E-18BF70EFE6E8}"
EndProject
Project("{FAE04EC0-301F-11D3-BF4B-00C04F79EFBC}") = "Nacelle.KMA.API.Stub", "src\Nacelle.KMA.API.Stub\Nacelle.KMA.API.Stub.csproj", "{6D573017-302F-4DCB-8567-B27463045E03}"
EndProject
Project("{FAE04EC0-301F-11D3-BF4B-00C04F79EFBC}") = "Nacelle.Core", "src\Nacelle.Core\Nacelle.Core.csproj", "{B119FC9D-DBF4-4426-A625-C44355029946}"
EndProject
Project("{FAE04EC0-301F-11D3-BF4B-00C04F79EFBC}") = "Nacelle.KMA.UI.Tests", "src\Nacelle.KMA.UI.Tests\Nacelle.KMA.UI.Tests.csproj", "{B27BEC00-6B99-44C4-858D-FF26A13D8F50}"
EndProject
Global
	GlobalSection(SolutionConfigurationPlatforms) = preSolution
		Debug|Any CPU = Debug|Any CPU
		Debug|ARM = Debug|ARM
		Debug|iPhone = Debug|iPhone
		Debug|iPhoneSimulator = Debug|iPhoneSimulator
		Debug|x64 = Debug|x64
		Debug|x86 = Debug|x86
		Release|Any CPU = Release|Any CPU
		Release|ARM = Release|ARM
		Release|iPhone = Release|iPhone
		Release|iPhoneSimulator = Release|iPhoneSimulator
		Release|x64 = Release|x64
		Release|x86 = Release|x86
	EndGlobalSection
	GlobalSection(ProjectConfigurationPlatforms) = postSolution
		{6D30B0EF-3A8B-43FB-98DD-274E2EDA21D2}.Debug|Any CPU.ActiveCfg = Debug|Any CPU
		{6D30B0EF-3A8B-43FB-98DD-274E2EDA21D2}.Debug|Any CPU.Build.0 = Debug|Any CPU
		{6D30B0EF-3A8B-43FB-98DD-274E2EDA21D2}.Debug|ARM.ActiveCfg = Debug|Any CPU
		{6D30B0EF-3A8B-43FB-98DD-274E2EDA21D2}.Debug|ARM.Build.0 = Debug|Any CPU
		{6D30B0EF-3A8B-43FB-98DD-274E2EDA21D2}.Debug|iPhone.ActiveCfg = Debug|Any CPU
		{6D30B0EF-3A8B-43FB-98DD-274E2EDA21D2}.Debug|iPhone.Build.0 = Debug|Any CPU
		{6D30B0EF-3A8B-43FB-98DD-274E2EDA21D2}.Debug|iPhoneSimulator.ActiveCfg = Debug|Any CPU
		{6D30B0EF-3A8B-43FB-98DD-274E2EDA21D2}.Debug|iPhoneSimulator.Build.0 = Debug|Any CPU
		{6D30B0EF-3A8B-43FB-98DD-274E2EDA21D2}.Debug|x64.ActiveCfg = Debug|Any CPU
		{6D30B0EF-3A8B-43FB-98DD-274E2EDA21D2}.Debug|x64.Build.0 = Debug|Any CPU
		{6D30B0EF-3A8B-43FB-98DD-274E2EDA21D2}.Debug|x86.ActiveCfg = Debug|Any CPU
		{6D30B0EF-3A8B-43FB-98DD-274E2EDA21D2}.Debug|x86.Build.0 = Debug|Any CPU
		{6D30B0EF-3A8B-43FB-98DD-274E2EDA21D2}.Release|Any CPU.ActiveCfg = Release|Any CPU
		{6D30B0EF-3A8B-43FB-98DD-274E2EDA21D2}.Release|Any CPU.Build.0 = Release|Any CPU
		{6D30B0EF-3A8B-43FB-98DD-274E2EDA21D2}.Release|ARM.ActiveCfg = Release|Any CPU
		{6D30B0EF-3A8B-43FB-98DD-274E2EDA21D2}.Release|ARM.Build.0 = Release|Any CPU
		{6D30B0EF-3A8B-43FB-98DD-274E2EDA21D2}.Release|iPhone.ActiveCfg = Release|Any CPU
		{6D30B0EF-3A8B-43FB-98DD-274E2EDA21D2}.Release|iPhone.Build.0 = Release|Any CPU
		{6D30B0EF-3A8B-43FB-98DD-274E2EDA21D2}.Release|iPhoneSimulator.ActiveCfg = Release|Any CPU
		{6D30B0EF-3A8B-43FB-98DD-274E2EDA21D2}.Release|iPhoneSimulator.Build.0 = Release|Any CPU
		{6D30B0EF-3A8B-43FB-98DD-274E2EDA21D2}.Release|x64.ActiveCfg = Release|Any CPU
		{6D30B0EF-3A8B-43FB-98DD-274E2EDA21D2}.Release|x64.Build.0 = Release|Any CPU
		{6D30B0EF-3A8B-43FB-98DD-274E2EDA21D2}.Release|x86.ActiveCfg = Release|Any CPU
		{6D30B0EF-3A8B-43FB-98DD-274E2EDA21D2}.Release|x86.Build.0 = Release|Any CPU
		{E7AB6442-59AF-4FA4-89A6-D733F28080E4}.Debug|Any CPU.ActiveCfg = Debug|Any CPU
		{E7AB6442-59AF-4FA4-89A6-D733F28080E4}.Debug|Any CPU.Build.0 = Debug|Any CPU
		{E7AB6442-59AF-4FA4-89A6-D733F28080E4}.Debug|ARM.ActiveCfg = Debug|Any CPU
		{E7AB6442-59AF-4FA4-89A6-D733F28080E4}.Debug|ARM.Build.0 = Debug|Any CPU
		{E7AB6442-59AF-4FA4-89A6-D733F28080E4}.Debug|iPhone.ActiveCfg = Debug|Any CPU
		{E7AB6442-59AF-4FA4-89A6-D733F28080E4}.Debug|iPhone.Build.0 = Debug|Any CPU
		{E7AB6442-59AF-4FA4-89A6-D733F28080E4}.Debug|iPhoneSimulator.ActiveCfg = Debug|Any CPU
		{E7AB6442-59AF-4FA4-89A6-D733F28080E4}.Debug|iPhoneSimulator.Build.0 = Debug|Any CPU
		{E7AB6442-59AF-4FA4-89A6-D733F28080E4}.Debug|x64.ActiveCfg = Debug|Any CPU
		{E7AB6442-59AF-4FA4-89A6-D733F28080E4}.Debug|x64.Build.0 = Debug|Any CPU
		{E7AB6442-59AF-4FA4-89A6-D733F28080E4}.Debug|x86.ActiveCfg = Debug|Any CPU
		{E7AB6442-59AF-4FA4-89A6-D733F28080E4}.Debug|x86.Build.0 = Debug|Any CPU
		{E7AB6442-59AF-4FA4-89A6-D733F28080E4}.Release|Any CPU.ActiveCfg = Release|Any CPU
		{E7AB6442-59AF-4FA4-89A6-D733F28080E4}.Release|Any CPU.Build.0 = Release|Any CPU
		{E7AB6442-59AF-4FA4-89A6-D733F28080E4}.Release|ARM.ActiveCfg = Release|Any CPU
		{E7AB6442-59AF-4FA4-89A6-D733F28080E4}.Release|ARM.Build.0 = Release|Any CPU
		{E7AB6442-59AF-4FA4-89A6-D733F28080E4}.Release|iPhone.ActiveCfg = Release|Any CPU
		{E7AB6442-59AF-4FA4-89A6-D733F28080E4}.Release|iPhone.Build.0 = Release|Any CPU
		{E7AB6442-59AF-4FA4-89A6-D733F28080E4}.Release|iPhoneSimulator.ActiveCfg = Release|Any CPU
		{E7AB6442-59AF-4FA4-89A6-D733F28080E4}.Release|iPhoneSimulator.Build.0 = Release|Any CPU
		{E7AB6442-59AF-4FA4-89A6-D733F28080E4}.Release|x64.ActiveCfg = Release|Any CPU
		{E7AB6442-59AF-4FA4-89A6-D733F28080E4}.Release|x64.Build.0 = Release|Any CPU
		{E7AB6442-59AF-4FA4-89A6-D733F28080E4}.Release|x86.ActiveCfg = Release|Any CPU
		{E7AB6442-59AF-4FA4-89A6-D733F28080E4}.Release|x86.Build.0 = Release|Any CPU
		{AC59E91F-D504-426D-A03E-18BF70EFE6E8}.Debug|Any CPU.ActiveCfg = Debug|Any CPU
		{AC59E91F-D504-426D-A03E-18BF70EFE6E8}.Debug|Any CPU.Build.0 = Debug|Any CPU
		{AC59E91F-D504-426D-A03E-18BF70EFE6E8}.Debug|ARM.ActiveCfg = Debug|Any CPU
		{AC59E91F-D504-426D-A03E-18BF70EFE6E8}.Debug|ARM.Build.0 = Debug|Any CPU
		{AC59E91F-D504-426D-A03E-18BF70EFE6E8}.Debug|iPhone.ActiveCfg = Debug|Any CPU
		{AC59E91F-D504-426D-A03E-18BF70EFE6E8}.Debug|iPhone.Build.0 = Debug|Any CPU
		{AC59E91F-D504-426D-A03E-18BF70EFE6E8}.Debug|iPhoneSimulator.ActiveCfg = Debug|Any CPU
		{AC59E91F-D504-426D-A03E-18BF70EFE6E8}.Debug|iPhoneSimulator.Build.0 = Debug|Any CPU
		{AC59E91F-D504-426D-A03E-18BF70EFE6E8}.Debug|x64.ActiveCfg = Debug|Any CPU
		{AC59E91F-D504-426D-A03E-18BF70EFE6E8}.Debug|x64.Build.0 = Debug|Any CPU
		{AC59E91F-D504-426D-A03E-18BF70EFE6E8}.Debug|x86.ActiveCfg = Debug|Any CPU
		{AC59E91F-D504-426D-A03E-18BF70EFE6E8}.Debug|x86.Build.0 = Debug|Any CPU
		{AC59E91F-D504-426D-A03E-18BF70EFE6E8}.Release|Any CPU.ActiveCfg = Release|Any CPU
		{AC59E91F-D504-426D-A03E-18BF70EFE6E8}.Release|Any CPU.Build.0 = Release|Any CPU
		{AC59E91F-D504-426D-A03E-18BF70EFE6E8}.Release|ARM.ActiveCfg = Release|Any CPU
		{AC59E91F-D504-426D-A03E-18BF70EFE6E8}.Release|ARM.Build.0 = Release|Any CPU
		{AC59E91F-D504-426D-A03E-18BF70EFE6E8}.Release|iPhone.ActiveCfg = Release|Any CPU
		{AC59E91F-D504-426D-A03E-18BF70EFE6E8}.Release|iPhone.Build.0 = Release|Any CPU
		{AC59E91F-D504-426D-A03E-18BF70EFE6E8}.Release|iPhoneSimulator.ActiveCfg = Release|Any CPU
		{AC59E91F-D504-426D-A03E-18BF70EFE6E8}.Release|iPhoneSimulator.Build.0 = Release|Any CPU
		{AC59E91F-D504-426D-A03E-18BF70EFE6E8}.Release|x64.ActiveCfg = Release|Any CPU
		{AC59E91F-D504-426D-A03E-18BF70EFE6E8}.Release|x64.Build.0 = Release|Any CPU
		{AC59E91F-D504-426D-A03E-18BF70EFE6E8}.Release|x86.ActiveCfg = Release|Any CPU
		{AC59E91F-D504-426D-A03E-18BF70EFE6E8}.Release|x86.Build.0 = Release|Any CPU
		{6D573017-302F-4DCB-8567-B27463045E03}.Debug|Any CPU.ActiveCfg = Debug|Any CPU
		{6D573017-302F-4DCB-8567-B27463045E03}.Debug|Any CPU.Build.0 = Debug|Any CPU
		{6D573017-302F-4DCB-8567-B27463045E03}.Debug|ARM.ActiveCfg = Debug|Any CPU
		{6D573017-302F-4DCB-8567-B27463045E03}.Debug|ARM.Build.0 = Debug|Any CPU
		{6D573017-302F-4DCB-8567-B27463045E03}.Debug|iPhone.ActiveCfg = Debug|Any CPU
		{6D573017-302F-4DCB-8567-B27463045E03}.Debug|iPhone.Build.0 = Debug|Any CPU
		{6D573017-302F-4DCB-8567-B27463045E03}.Debug|iPhoneSimulator.ActiveCfg = Debug|Any CPU
		{6D573017-302F-4DCB-8567-B27463045E03}.Debug|iPhoneSimulator.Build.0 = Debug|Any CPU
		{6D573017-302F-4DCB-8567-B27463045E03}.Debug|x64.ActiveCfg = Debug|Any CPU
		{6D573017-302F-4DCB-8567-B27463045E03}.Debug|x64.Build.0 = Debug|Any CPU
		{6D573017-302F-4DCB-8567-B27463045E03}.Debug|x86.ActiveCfg = Debug|Any CPU
		{6D573017-302F-4DCB-8567-B27463045E03}.Debug|x86.Build.0 = Debug|Any CPU
		{6D573017-302F-4DCB-8567-B27463045E03}.Release|Any CPU.ActiveCfg = Release|Any CPU
		{6D573017-302F-4DCB-8567-B27463045E03}.Release|Any CPU.Build.0 = Release|Any CPU
		{6D573017-302F-4DCB-8567-B27463045E03}.Release|ARM.ActiveCfg = Release|Any CPU
		{6D573017-302F-4DCB-8567-B27463045E03}.Release|ARM.Build.0 = Release|Any CPU
		{6D573017-302F-4DCB-8567-B27463045E03}.Release|iPhone.ActiveCfg = Release|Any CPU
		{6D573017-302F-4DCB-8567-B27463045E03}.Release|iPhone.Build.0 = Release|Any CPU
		{6D573017-302F-4DCB-8567-B27463045E03}.Release|iPhoneSimulator.ActiveCfg = Release|Any CPU
		{6D573017-302F-4DCB-8567-B27463045E03}.Release|iPhoneSimulator.Build.0 = Release|Any CPU
		{6D573017-302F-4DCB-8567-B27463045E03}.Release|x64.ActiveCfg = Release|Any CPU
		{6D573017-302F-4DCB-8567-B27463045E03}.Release|x64.Build.0 = Release|Any CPU
		{6D573017-302F-4DCB-8567-B27463045E03}.Release|x86.ActiveCfg = Release|Any CPU
		{6D573017-302F-4DCB-8567-B27463045E03}.Release|x86.Build.0 = Release|Any CPU
		{B119FC9D-DBF4-4426-A625-C44355029946}.Debug|Any CPU.ActiveCfg = Debug|Any CPU
		{B119FC9D-DBF4-4426-A625-C44355029946}.Debug|Any CPU.Build.0 = Debug|Any CPU
		{B119FC9D-DBF4-4426-A625-C44355029946}.Debug|ARM.ActiveCfg = Debug|Any CPU
		{B119FC9D-DBF4-4426-A625-C44355029946}.Debug|ARM.Build.0 = Debug|Any CPU
		{B119FC9D-DBF4-4426-A625-C44355029946}.Debug|iPhone.ActiveCfg = Debug|Any CPU
		{B119FC9D-DBF4-4426-A625-C44355029946}.Debug|iPhone.Build.0 = Debug|Any CPU
		{B119FC9D-DBF4-4426-A625-C44355029946}.Debug|iPhoneSimulator.ActiveCfg = Debug|Any CPU
		{B119FC9D-DBF4-4426-A625-C44355029946}.Debug|iPhoneSimulator.Build.0 = Debug|Any CPU
		{B119FC9D-DBF4-4426-A625-C44355029946}.Debug|x64.ActiveCfg = Debug|Any CPU
		{B119FC9D-DBF4-4426-A625-C44355029946}.Debug|x64.Build.0 = Debug|Any CPU
		{B119FC9D-DBF4-4426-A625-C44355029946}.Debug|x86.ActiveCfg = Debug|Any CPU
		{B119FC9D-DBF4-4426-A625-C44355029946}.Debug|x86.Build.0 = Debug|Any CPU
		{B119FC9D-DBF4-4426-A625-C44355029946}.Release|Any CPU.ActiveCfg = Release|Any CPU
		{B119FC9D-DBF4-4426-A625-C44355029946}.Release|Any CPU.Build.0 = Release|Any CPU
		{B119FC9D-DBF4-4426-A625-C44355029946}.Release|ARM.ActiveCfg = Release|Any CPU
		{B119FC9D-DBF4-4426-A625-C44355029946}.Release|ARM.Build.0 = Release|Any CPU
		{B119FC9D-DBF4-4426-A625-C44355029946}.Release|iPhone.ActiveCfg = Release|Any CPU
		{B119FC9D-DBF4-4426-A625-C44355029946}.Release|iPhone.Build.0 = Release|Any CPU
		{B119FC9D-DBF4-4426-A625-C44355029946}.Release|iPhoneSimulator.ActiveCfg = Release|Any CPU
		{B119FC9D-DBF4-4426-A625-C44355029946}.Release|iPhoneSimulator.Build.0 = Release|Any CPU
		{B119FC9D-DBF4-4426-A625-C44355029946}.Release|x64.ActiveCfg = Release|Any CPU
		{B119FC9D-DBF4-4426-A625-C44355029946}.Release|x64.Build.0 = Release|Any CPU
		{B119FC9D-DBF4-4426-A625-C44355029946}.Release|x86.ActiveCfg = Release|Any CPU
		{B119FC9D-DBF4-4426-A625-C44355029946}.Release|x86.Build.0 = Release|Any CPU
		{B27BEC00-6B99-44C4-858D-FF26A13D8F50}.Debug|Any CPU.ActiveCfg = Debug|Any CPU
		{B27BEC00-6B99-44C4-858D-FF26A13D8F50}.Debug|Any CPU.Build.0 = Debug|Any CPU
		{B27BEC00-6B99-44C4-858D-FF26A13D8F50}.Debug|ARM.ActiveCfg = Debug|Any CPU
		{B27BEC00-6B99-44C4-858D-FF26A13D8F50}.Debug|ARM.Build.0 = Debug|Any CPU
		{B27BEC00-6B99-44C4-858D-FF26A13D8F50}.Debug|iPhone.ActiveCfg = Debug|Any CPU
		{B27BEC00-6B99-44C4-858D-FF26A13D8F50}.Debug|iPhone.Build.0 = Debug|Any CPU
		{B27BEC00-6B99-44C4-858D-FF26A13D8F50}.Debug|iPhoneSimulator.ActiveCfg = Debug|Any CPU
		{B27BEC00-6B99-44C4-858D-FF26A13D8F50}.Debug|iPhoneSimulator.Build.0 = Debug|Any CPU
		{B27BEC00-6B99-44C4-858D-FF26A13D8F50}.Debug|x64.ActiveCfg = Debug|Any CPU
		{B27BEC00-6B99-44C4-858D-FF26A13D8F50}.Debug|x64.Build.0 = Debug|Any CPU
		{B27BEC00-6B99-44C4-858D-FF26A13D8F50}.Debug|x86.ActiveCfg = Debug|Any CPU
		{B27BEC00-6B99-44C4-858D-FF26A13D8F50}.Debug|x86.Build.0 = Debug|Any CPU
		{B27BEC00-6B99-44C4-858D-FF26A13D8F50}.Release|Any CPU.ActiveCfg = Release|Any CPU
		{B27BEC00-6B99-44C4-858D-FF26A13D8F50}.Release|Any CPU.Build.0 = Release|Any CPU
		{B27BEC00-6B99-44C4-858D-FF26A13D8F50}.Release|ARM.ActiveCfg = Release|Any CPU
		{B27BEC00-6B99-44C4-858D-FF26A13D8F50}.Release|ARM.Build.0 = Release|Any CPU
		{B27BEC00-6B99-44C4-858D-FF26A13D8F50}.Release|iPhone.ActiveCfg = Release|Any CPU
		{B27BEC00-6B99-44C4-858D-FF26A13D8F50}.Release|iPhone.Build.0 = Release|Any CPU
		{B27BEC00-6B99-44C4-858D-FF26A13D8F50}.Release|iPhoneSimulator.ActiveCfg = Release|Any CPU
		{B27BEC00-6B99-44C4-858D-FF26A13D8F50}.Release|iPhoneSimulator.Build.0 = Release|Any CPU
		{B27BEC00-6B99-44C4-858D-FF26A13D8F50}.Release|x64.ActiveCfg = Release|Any CPU
		{B27BEC00-6B99-44C4-858D-FF26A13D8F50}.Release|x64.Build.0 = Release|Any CPU
		{B27BEC00-6B99-44C4-858D-FF26A13D8F50}.Release|x86.ActiveCfg = Release|Any CPU
		{B27BEC00-6B99-44C4-858D-FF26A13D8F50}.Release|x86.Build.0 = Release|Any CPU
	EndGlobalSection
	GlobalSection(SolutionProperties) = preSolution
		HideSolutionNode = FALSE
	EndGlobalSection
	GlobalSection(ExtensibilityGlobals) = postSolution
		SolutionGuid = {7C0C49B7-B79C-4597-AFFB-C4512AA4712E}
	EndGlobalSection
	GlobalSection(NestedProjects) = preSolution
		{B27BEC00-6B99-44C4-858D-FF26A13D8F50} = {F956F098-DD58-4FCD-9754-D2189D90D6F2}
	EndGlobalSection
EndGlobal
